
Microsoft Visual Studio Solution File, Format Version 12.00
# Visual Studio Version 17
VisualStudioVersion = 17.0.31903.59
MinimumVisualStudioVersion = 10.0.40219.1
Project("{FAE04EC0-301F-11D3-BF4B-00C04F79EFBC}") = "API", "API\API.csproj", "{C90F03F3-DF8A-458B-A46C-890BEB245C5A}"
EndProject
Project("{FAE04EC0-301F-11D3-BF4B-00C04F79EFBC}") = "Application", "Application\Application.csproj", "{D4B9C2CE-913B-4205-B967-1CB3AB9699D7}"
EndProject
Project("{FAE04EC0-301F-11D3-BF4B-00C04F79EFBC}") = "Domain", "Domain\Domain.csproj", "{8E2BAE5E-90CF-4DF0-8561-91C9A9BCF0A4}"
EndProject
Project("{FAE04EC0-301F-11D3-BF4B-00C04F79EFBC}") = "Persistence", "Persistence\Persistence.csproj", "{DD12D0D0-EB7C-49C0-BB05-6006A83D1997}"
EndProject
Global
	GlobalSection(SolutionConfigurationPlatforms) = preSolution
		Debug|Any CPU = Debug|Any CPU
		Release|Any CPU = Release|Any CPU
	EndGlobalSection
	GlobalSection(SolutionProperties) = preSolution
		HideSolutionNode = FALSE
	EndGlobalSection
	GlobalSection(ProjectConfigurationPlatforms) = postSolution
		{C90F03F3-DF8A-458B-A46C-890BEB245C5A}.Debug|Any CPU.ActiveCfg = Debug|Any CPU
		{C90F03F3-DF8A-458B-A46C-890BEB245C5A}.Debug|Any CPU.Build.0 = Debug|Any CPU
		{C90F03F3-DF8A-458B-A46C-890BEB245C5A}.Release|Any CPU.ActiveCfg = Release|Any CPU
		{C90F03F3-DF8A-458B-A46C-890BEB245C5A}.Release|Any CPU.Build.0 = Release|Any CPU
		{D4B9C2CE-913B-4205-B967-1CB3AB9699D7}.Debug|Any CPU.ActiveCfg = Debug|Any CPU
		{D4B9C2CE-913B-4205-B967-1CB3AB9699D7}.Debug|Any CPU.Build.0 = Debug|Any CPU
		{D4B9C2CE-913B-4205-B967-1CB3AB9699D7}.Release|Any CPU.ActiveCfg = Release|Any CPU
		{D4B9C2CE-913B-4205-B967-1CB3AB9699D7}.Release|Any CPU.Build.0 = Release|Any CPU
		{8E2BAE5E-90CF-4DF0-8561-91C9A9BCF0A4}.Debug|Any CPU.ActiveCfg = Debug|Any CPU
		{8E2BAE5E-90CF-4DF0-8561-91C9A9BCF0A4}.Debug|Any CPU.Build.0 = Debug|Any CPU
		{8E2BAE5E-90CF-4DF0-8561-91C9A9BCF0A4}.Release|Any CPU.ActiveCfg = Release|Any CPU
		{8E2BAE5E-90CF-4DF0-8561-91C9A9BCF0A4}.Release|Any CPU.Build.0 = Release|Any CPU
		{DD12D0D0-EB7C-49C0-BB05-6006A83D1997}.Debug|Any CPU.ActiveCfg = Debug|Any CPU
		{DD12D0D0-EB7C-49C0-BB05-6006A83D1997}.Debug|Any CPU.Build.0 = Debug|Any CPU
		{DD12D0D0-EB7C-49C0-BB05-6006A83D1997}.Release|Any CPU.ActiveCfg = Release|Any CPU
		{DD12D0D0-EB7C-49C0-BB05-6006A83D1997}.Release|Any CPU.Build.0 = Release|Any CPU
	EndGlobalSection
EndGlobal
